
Microsoft Visual Studio Solution File, Format Version 12.00
# Visual Studio 15
VisualStudioVersion = 15.0.28307.1022
MinimumVisualStudioVersion = 10.0.40219.1
Project("{FAE04EC0-301F-11D3-BF4B-00C04F79EFBC}") = "aplikasi_kalkulator", "aplikasi_kalkulator\aplikasi_kalkulator.csproj", "{BD311AAA-9305-45E2-858A-FE028F353022}"
EndProject
Global
	GlobalSection(SolutionConfigurationPlatforms) = preSolution
		Debug|Any CPU = Debug|Any CPU
		Release|Any CPU = Release|Any CPU
	EndGlobalSection
	GlobalSection(ProjectConfigurationPlatforms) = postSolution
		{BD311AAA-9305-45E2-858A-FE028F353022}.Debug|Any CPU.ActiveCfg = Debug|Any CPU
		{BD311AAA-9305-45E2-858A-FE028F353022}.Debug|Any CPU.Build.0 = Debug|Any CPU
		{BD311AAA-9305-45E2-858A-FE028F353022}.Release|Any CPU.ActiveCfg = Release|Any CPU
		{BD311AAA-9305-45E2-858A-FE028F353022}.Release|Any CPU.Build.0 = Release|Any CPU
	EndGlobalSection
	GlobalSection(SolutionProperties) = preSolution
		HideSolutionNode = FALSE
	EndGlobalSection
	GlobalSection(ExtensibilityGlobals) = postSolution
		SolutionGuid = {C6E2779C-1D08-4E77-9671-3A9056010795}
	EndGlobalSection
EndGlobal
